<?xml version="1.0" encoding="utf-8"?>
<Project ToolsVersion="4.0" xmlns="http://schemas.microsoft.com/developer/msbuild/2003">
  <ItemGroup>
    <Filter Include="ソース ファイル">
      <UniqueIdentifier>{4FC737F1-C7A5-4376-A066-2A32D752A2FF}</UniqueIdentifier>
      <Extensions>cpp;c;cc;cxx;def;odl;idl;hpj;bat;asm;asmx</Extensions>
    </Filter>
    <Filter Include="ヘッダー ファイル">
      <UniqueIdentifier>{93995380-89BD-4b04-88EB-625FBE52EBFB}</UniqueIdentifier>
      <Extensions>h;hh;hpp;hxx;hm;inl;inc;xsd</Extensions>
    </Filter>
    <Filter Include="リソース ファイル">
      <UniqueIdentifier>{67DA6AB6-F800-4c08-8B7A-83BB121AAD01}</UniqueIdentifier>
      <Extensions>rc;ico;cur;bmp;dlg;rc2;rct;bin;rgs;gif;jpg;jpeg;jpe;resx;tiff;tif;png;wav;mfcribbon-ms</Extensions>
    </Filter>
    <Filter Include="ソース ファイル\imgui">
      <UniqueIdentifier>{a5833660-a40f-43ba-bcfd-770972bcf5d8}</UniqueIdentifier>
    </Filter>
    <Filter Include="ヘッダー ファイル\imgui">
      <UniqueIdentifier>{c9f0dadc-3267-4e13-9eea-3bdd7395cfe8}</UniqueIdentifier>
    </Filter>
    <Filter Include="ソース ファイル\scene">
      <UniqueIdentifier>{7abc65f9-0ba7-4000-b5fe-12d3a5cce525}</UniqueIdentifier>
    </Filter>
    <Filter Include="ヘッダー ファイル\scene">
      <UniqueIdentifier>{5a5b1313-68bd-4215-9d40-207cf2bc6242}</UniqueIdentifier>
    </Filter>
    <Filter Include="ヘッダー ファイル\AI_Action">
      <UniqueIdentifier>{3ee975a5-811e-465f-b540-df13daf66b6c}</UniqueIdentifier>
    </Filter>
    <Filter Include="ソース ファイル\AI_Action">
      <UniqueIdentifier>{687a9b55-8b62-4f40-a766-47865cfccc56}</UniqueIdentifier>
    </Filter>
    <Filter Include="ソース ファイル\SkinMesh">
      <UniqueIdentifier>{857fa635-f252-4646-85d8-3202f55e76d5}</UniqueIdentifier>
    </Filter>
    <Filter Include="ヘッダー ファイル\SkinMesh">
      <UniqueIdentifier>{748502fd-c1bc-4fe1-9fb0-da046146a94f}</UniqueIdentifier>
    </Filter>
    <Filter Include="ヘッダー ファイル\SkinMesh\AnimationList">
      <UniqueIdentifier>{1b9a0e70-ba1c-452d-8e33-382f2e18f8fb}</UniqueIdentifier>
    </Filter>
    <Filter Include="ヘッダー ファイル\weapon">
      <UniqueIdentifier>{678603b7-c9ec-4929-83f9-99cdc060f2d3}</UniqueIdentifier>
    </Filter>
    <Filter Include="ソース ファイル\weapon">
      <UniqueIdentifier>{24a3fa03-d452-4e28-952a-9fc50510e7d4}</UniqueIdentifier>
    </Filter>
    <Filter Include="ソース ファイル\playerPattern">
      <UniqueIdentifier>{b7208867-6b88-42c9-b414-6dc66749c37e}</UniqueIdentifier>
    </Filter>
    <Filter Include="ヘッダー ファイル\playerPattern">
      <UniqueIdentifier>{c14cfea4-04df-4020-88ea-e065535063b7}</UniqueIdentifier>
    </Filter>
    <Filter Include="ヘッダー ファイル\enemyPattern">
      <UniqueIdentifier>{ce760528-9fa4-48c7-ab20-9c6c973b52c8}</UniqueIdentifier>
    </Filter>
    <Filter Include="ソース ファイル\enemyPattern">
      <UniqueIdentifier>{40f4e9e9-b60b-4ff8-9eaf-6a99fc6c693c}</UniqueIdentifier>
    </Filter>
  </ItemGroup>
  <ItemGroup>
    <ClInclude Include="camera.h">
      <Filter>ヘッダー ファイル</Filter>
    </ClInclude>
    <ClInclude Include="class.h">
      <Filter>ヘッダー ファイル</Filter>
    </ClInclude>
    <ClInclude Include="common.h">
      <Filter>ヘッダー ファイル</Filter>
    </ClInclude>
    <ClInclude Include="light.h">
      <Filter>ヘッダー ファイル</Filter>
    </ClInclude>
    <ClInclude Include="main.h">
      <Filter>ヘッダー ファイル</Filter>
    </ClInclude>
    <ClInclude Include="billboard.h">
      <Filter>ヘッダー ファイル</Filter>
    </ClInclude>
    <ClInclude Include="texture.h">
      <Filter>ヘッダー ファイル</Filter>
    </ClInclude>
    <ClInclude Include="renderer.h">
      <Filter>ヘッダー ファイル</Filter>
    </ClInclude>
    <ClInclude Include="imconfig.h">
      <Filter>ヘッダー ファイル\imgui</Filter>
    </ClInclude>
    <ClInclude Include="imgui.h">
      <Filter>ヘッダー ファイル\imgui</Filter>
    </ClInclude>
    <ClInclude Include="ImGui_.h">
      <Filter>ヘッダー ファイル\imgui</Filter>
    </ClInclude>
    <ClInclude Include="imgui_impl_dx9.h">
      <Filter>ヘッダー ファイル\imgui</Filter>
    </ClInclude>
    <ClInclude Include="imgui_internal.h">
      <Filter>ヘッダー ファイル\imgui</Filter>
    </ClInclude>
    <ClInclude Include="stb_rect_pack.h">
      <Filter>ヘッダー ファイル\imgui</Filter>
    </ClInclude>
    <ClInclude Include="stb_textedit.h">
      <Filter>ヘッダー ファイル\imgui</Filter>
    </ClInclude>
    <ClInclude Include="stb_truetype.h">
      <Filter>ヘッダー ファイル\imgui</Filter>
    </ClInclude>
    <ClInclude Include="collision.h">
      <Filter>ヘッダー ファイル</Filter>
    </ClInclude>
    <ClInclude Include="manager.h">
      <Filter>ヘッダー ファイル</Filter>
    </ClInclude>
    <ClInclude Include="input.h">
      <Filter>ヘッダー ファイル</Filter>
    </ClInclude>
    <ClInclude Include="controller.h">
      <Filter>ヘッダー ファイル</Filter>
    </ClInclude>
    <ClInclude Include="field.h">
      <Filter>ヘッダー ファイル</Filter>
    </ClInclude>
    <ClInclude Include="player.h">
      <Filter>ヘッダー ファイル</Filter>
    </ClInclude>
    <ClInclude Include="skybox.h">
      <Filter>ヘッダー ファイル</Filter>
    </ClInclude>
    <ClInclude Include="enemy.h">
      <Filter>ヘッダー ファイル</Filter>
    </ClInclude>
    <ClInclude Include="number.h">
      <Filter>ヘッダー ファイル</Filter>
    </ClInclude>
    <ClInclude Include="particle.h">
      <Filter>ヘッダー ファイル</Filter>
    </ClInclude>
    <ClInclude Include="emitter.h">
      <Filter>ヘッダー ファイル</Filter>
    </ClInclude>
    <ClInclude Include="mode.h">
      <Filter>ヘッダー ファイル</Filter>
    </ClInclude>
    <ClInclude Include="title.h">
      <Filter>ヘッダー ファイル</Filter>
    </ClInclude>
    <ClInclude Include="game.h">
      <Filter>ヘッダー ファイル</Filter>
    </ClInclude>
    <ClInclude Include="character.h">
      <Filter>ヘッダー ファイル</Filter>
    </ClInclude>
    <ClInclude Include="result.h">
      <Filter>ヘッダー ファイル</Filter>
    </ClInclude>
    <ClInclude Include="fade.h">
      <Filter>ヘッダー ファイル</Filter>
    </ClInclude>
    <ClInclude Include="scene.h">
      <Filter>ヘッダー ファイル\scene</Filter>
    </ClInclude>
    <ClInclude Include="scene2D.h">
      <Filter>ヘッダー ファイル\scene</Filter>
    </ClInclude>
    <ClInclude Include="scene3D.h">
      <Filter>ヘッダー ファイル\scene</Filter>
    </ClInclude>
    <ClInclude Include="sceneModel.h">
      <Filter>ヘッダー ファイル\scene</Filter>
    </ClInclude>
    <ClInclude Include="sceneModelFBX.h">
      <Filter>ヘッダー ファイル\scene</Filter>
    </ClInclude>
    <ClInclude Include="targetPoint.h">
      <Filter>ヘッダー ファイル</Filter>
    </ClInclude>
    <ClInclude Include="root.h">
      <Filter>ヘッダー ファイル</Filter>
    </ClInclude>
    <ClInclude Include="actionBase.h">
      <Filter>ヘッダー ファイル\AI_Action</Filter>
    </ClInclude>
    <ClInclude Include="action.h">
      <Filter>ヘッダー ファイル\AI_Action</Filter>
    </ClInclude>
    <ClInclude Include="moveToPos.h">
      <Filter>ヘッダー ファイル\AI_Action</Filter>
    </ClInclude>
    <ClInclude Include="moveToPlayer.h">
      <Filter>ヘッダー ファイル\AI_Action</Filter>
    </ClInclude>
    <ClInclude Include="wait.h">
      <Filter>ヘッダー ファイル\AI_Action</Filter>
    </ClInclude>
    <ClInclude Include="moveToRandom.h">
      <Filter>ヘッダー ファイル\AI_Action</Filter>
    </ClInclude>
    <ClInclude Include="shader.h">
      <Filter>ヘッダー ファイル</Filter>
    </ClInclude>
    <ClInclude Include="Effekseer.h">
      <Filter>ヘッダー ファイル\scene</Filter>
    </ClInclude>
    <ClInclude Include="SkinMeshData.h">
      <Filter>ヘッダー ファイル\SkinMesh</Filter>
    </ClInclude>
    <ClInclude Include="SkinMeshFile.h">
      <Filter>ヘッダー ファイル\SkinMesh</Filter>
    </ClInclude>
    <ClInclude Include="sceneSkinMesh.h">
      <Filter>ヘッダー ファイル\scene</Filter>
    </ClInclude>
    <ClInclude Include="PlayerAnim.h">
      <Filter>ヘッダー ファイル\SkinMesh\AnimationList</Filter>
    </ClInclude>
    <ClInclude Include="EnemyAnim.h">
      <Filter>ヘッダー ファイル\SkinMesh\AnimationList</Filter>
    </ClInclude>
    <ClInclude Include="box.h">
      <Filter>ヘッダー ファイル</Filter>
    </ClInclude>
    <ClInclude Include="wall.h">
      <Filter>ヘッダー ファイル</Filter>
    </ClInclude>
    <ClInclude Include="waitTime.h">
      <Filter>ヘッダー ファイル\AI_Action</Filter>
    </ClInclude>
    <ClInclude Include="sound.h">
      <Filter>ヘッダー ファイル</Filter>
    </ClInclude>
    <ClInclude Include="sceneShadow.h">
      <Filter>ヘッダー ファイル\scene</Filter>
    </ClInclude>
    <ClInclude Include="weapon.h">
      <Filter>ヘッダー ファイル\weapon</Filter>
    </ClInclude>
    <ClInclude Include="rifle.h">
      <Filter>ヘッダー ファイル\weapon</Filter>
    </ClInclude>
    <ClInclude Include="bullet.h">
      <Filter>ヘッダー ファイル\weapon</Filter>
    </ClInclude>
    <ClInclude Include="debug.h">
      <Filter>ヘッダー ファイル</Filter>
    </ClInclude>
    <ClInclude Include="shotgun.h">
      <Filter>ヘッダー ファイル\weapon</Filter>
    </ClInclude>
    <ClInclude Include="playerPatternIdle.h">
      <Filter>ヘッダー ファイル\playerPattern</Filter>
    </ClInclude>
    <ClInclude Include="playerPatternBase.h">
      <Filter>ヘッダー ファイル\playerPattern</Filter>
    </ClInclude>
    <ClInclude Include="playerPatternDash.h">
      <Filter>ヘッダー ファイル\playerPattern</Filter>
    </ClInclude>
    <ClInclude Include="playerPatternCrouch.h">
      <Filter>ヘッダー ファイル\playerPattern</Filter>
    </ClInclude>
    <ClInclude Include="ZombieAAnim.h">
      <Filter>ヘッダー ファイル\SkinMesh\AnimationList</Filter>
    </ClInclude>
    <ClInclude Include="playerPatternJump.h">
      <Filter>ヘッダー ファイル\playerPattern</Filter>
    </ClInclude>
    <ClInclude Include="playerPatternAir.h">
      <Filter>ヘッダー ファイル\playerPattern</Filter>
    </ClInclude>
    <ClInclude Include="enemyPatternBase.h">
      <Filter>ヘッダー ファイル\enemyPattern</Filter>
    </ClInclude>
    <ClInclude Include="enemyPatternChase.h">
      <Filter>ヘッダー ファイル\enemyPattern</Filter>
    </ClInclude>
    <ClInclude Include="enemyPatternDeath.h">
      <Filter>ヘッダー ファイル\enemyPattern</Filter>
    </ClInclude>
    <ClInclude Include="enemyPatternAttack.h">
      <Filter>ヘッダー ファイル\enemyPattern</Filter>
    </ClInclude>
    <ClInclude Include="astar.h">
      <Filter>ヘッダー ファイル</Filter>
    </ClInclude>
    <ClInclude Include="sh.h">
      <Filter>ヘッダー ファイル</Filter>
    </ClInclude>
    <ClInclude Include="mapmake.h">
      <Filter>ヘッダー ファイル</Filter>
    </ClInclude>
    <ClInclude Include="mathutil.h">
      <Filter>ヘッダー ファイル</Filter>
    </ClInclude>
  </ItemGroup>
  <ItemGroup>
    <ClCompile Include="class.cpp">
      <Filter>ソース ファイル</Filter>
    </ClCompile>
    <ClCompile Include="light.cpp">
      <Filter>ソース ファイル</Filter>
    </ClCompile>
    <ClCompile Include="main.cpp">
      <Filter>ソース ファイル</Filter>
    </ClCompile>
    <ClCompile Include="camera.cpp">
      <Filter>ソース ファイル</Filter>
    </ClCompile>
    <ClCompile Include="billboard.cpp">
      <Filter>ソース ファイル</Filter>
    </ClCompile>
    <ClCompile Include="texture.cpp">
      <Filter>ソース ファイル</Filter>
    </ClCompile>
    <ClCompile Include="renderer.cpp">
      <Filter>ソース ファイル</Filter>
    </ClCompile>
    <ClCompile Include="imgui.cpp">
      <Filter>ソース ファイル\imgui</Filter>
    </ClCompile>
    <ClCompile Include="ImGui_.cpp">
      <Filter>ソース ファイル\imgui</Filter>
    </ClCompile>
    <ClCompile Include="imgui_demo.cpp">
      <Filter>ソース ファイル\imgui</Filter>
    </ClCompile>
    <ClCompile Include="imgui_draw.cpp">
      <Filter>ソース ファイル\imgui</Filter>
    </ClCompile>
    <ClCompile Include="imgui_impl_dx9.cpp">
      <Filter>ソース ファイル\imgui</Filter>
    </ClCompile>
    <ClCompile Include="collision.cpp">
      <Filter>ソース ファイル</Filter>
    </ClCompile>
    <ClCompile Include="manager.cpp">
      <Filter>ソース ファイル</Filter>
    </ClCompile>
    <ClCompile Include="input.cpp">
      <Filter>ソース ファイル</Filter>
    </ClCompile>
    <ClCompile Include="controller.cpp">
      <Filter>ソース ファイル</Filter>
    </ClCompile>
    <ClCompile Include="field.cpp">
      <Filter>ソース ファイル</Filter>
    </ClCompile>
    <ClCompile Include="player.cpp">
      <Filter>ソース ファイル</Filter>
    </ClCompile>
    <ClCompile Include="skybox.cpp">
      <Filter>ソース ファイル</Filter>
    </ClCompile>
    <ClCompile Include="enemy.cpp">
      <Filter>ソース ファイル</Filter>
    </ClCompile>
    <ClCompile Include="number.cpp">
      <Filter>ソース ファイル</Filter>
    </ClCompile>
    <ClCompile Include="particle.cpp">
      <Filter>ソース ファイル</Filter>
    </ClCompile>
    <ClCompile Include="emitter.cpp">
      <Filter>ソース ファイル</Filter>
    </ClCompile>
    <ClCompile Include="title.cpp">
      <Filter>ソース ファイル</Filter>
    </ClCompile>
    <ClCompile Include="game.cpp">
      <Filter>ソース ファイル</Filter>
    </ClCompile>
    <ClCompile Include="character.cpp">
      <Filter>ソース ファイル</Filter>
    </ClCompile>
    <ClCompile Include="result.cpp">
      <Filter>ソース ファイル</Filter>
    </ClCompile>
    <ClCompile Include="fade.cpp">
      <Filter>ソース ファイル</Filter>
    </ClCompile>
    <ClCompile Include="sceneModelFBX.cpp">
      <Filter>ソース ファイル\scene</Filter>
    </ClCompile>
    <ClCompile Include="scene.cpp">
      <Filter>ソース ファイル\scene</Filter>
    </ClCompile>
    <ClCompile Include="scene2D.cpp">
      <Filter>ソース ファイル\scene</Filter>
    </ClCompile>
    <ClCompile Include="scene3D.cpp">
      <Filter>ソース ファイル\scene</Filter>
    </ClCompile>
    <ClCompile Include="sceneModel.cpp">
      <Filter>ソース ファイル\scene</Filter>
    </ClCompile>
    <ClCompile Include="targetPoint.cpp">
      <Filter>ソース ファイル</Filter>
    </ClCompile>
    <ClCompile Include="root.cpp">
      <Filter>ソース ファイル</Filter>
    </ClCompile>
    <ClCompile Include="action.cpp">
      <Filter>ソース ファイル\AI_Action</Filter>
    </ClCompile>
    <ClCompile Include="actionBase.cpp">
      <Filter>ソース ファイル\AI_Action</Filter>
    </ClCompile>
    <ClCompile Include="moveToPos.cpp">
      <Filter>ソース ファイル\AI_Action</Filter>
    </ClCompile>
    <ClCompile Include="moveToPlayer.cpp">
      <Filter>ソース ファイル\AI_Action</Filter>
    </ClCompile>
    <ClCompile Include="wait.cpp">
      <Filter>ソース ファイル\AI_Action</Filter>
    </ClCompile>
    <ClCompile Include="moveToRandom.cpp">
      <Filter>ソース ファイル\AI_Action</Filter>
    </ClCompile>
    <ClCompile Include="waitTime.cpp">
      <Filter>ソース ファイル\AI_Action</Filter>
    </ClCompile>
    <ClCompile Include="shader.cpp">
      <Filter>ソース ファイル</Filter>
    </ClCompile>
    <ClCompile Include="Effekseer.cpp">
      <Filter>ソース ファイル\scene</Filter>
    </ClCompile>
    <ClCompile Include="SkinMeshData.cpp">
      <Filter>ソース ファイル\SkinMesh</Filter>
    </ClCompile>
    <ClCompile Include="SkinMeshFile.cpp">
      <Filter>ソース ファイル\SkinMesh</Filter>
    </ClCompile>
    <ClCompile Include="sceneSkinMesh.cpp">
      <Filter>ソース ファイル\scene</Filter>
    </ClCompile>
    <ClCompile Include="box.cpp">
      <Filter>ソース ファイル</Filter>
    </ClCompile>
    <ClCompile Include="wall.cpp">
      <Filter>ソース ファイル</Filter>
    </ClCompile>
    <ClCompile Include="sound.cpp">
      <Filter>ソース ファイル</Filter>
    </ClCompile>
    <ClCompile Include="sceneShadow.cpp">
      <Filter>ソース ファイル\scene</Filter>
    </ClCompile>
    <ClCompile Include="bullet.cpp">
      <Filter>ソース ファイル\weapon</Filter>
    </ClCompile>
    <ClCompile Include="rifle.cpp">
      <Filter>ソース ファイル\weapon</Filter>
    </ClCompile>
    <ClCompile Include="weapon.cpp">
      <Filter>ソース ファイル\weapon</Filter>
    </ClCompile>
    <ClCompile Include="debug.cpp">
      <Filter>ソース ファイル</Filter>
    </ClCompile>
    <ClCompile Include="shotgun.cpp">
      <Filter>ソース ファイル\weapon</Filter>
    </ClCompile>
    <ClCompile Include="playerPatternIdle.cpp">
      <Filter>ソース ファイル\playerPattern</Filter>
    </ClCompile>
    <ClCompile Include="playerPatternCrouch.cpp">
      <Filter>ソース ファイル\playerPattern</Filter>
    </ClCompile>
    <ClCompile Include="playerPatternJump.cpp">
      <Filter>ソース ファイル\playerPattern</Filter>
    </ClCompile>
    <ClCompile Include="playerPatternAir.cpp">
      <Filter>ソース ファイル\playerPattern</Filter>
    </ClCompile>
    <ClCompile Include="enemyPatternChase.cpp">
      <Filter>ソース ファイル\enemyPattern</Filter>
    </ClCompile>
    <ClCompile Include="enemyPatternDeath.cpp">
      <Filter>ソース ファイル\enemyPattern</Filter>
    </ClCompile>
    <ClCompile Include="enemyPatternAttack.cpp">
      <Filter>ソース ファイル\enemyPattern</Filter>
    </ClCompile>
    <ClCompile Include="astar.cpp">
      <Filter>ソース ファイル</Filter>
    </ClCompile>
    <ClCompile Include="sh.cpp">
      <Filter>ソース ファイル</Filter>
    </ClCompile>
    <ClCompile Include="mapmake.cpp">
      <Filter>ソース ファイル</Filter>
    </ClCompile>
    <ClCompile Include="mathutil.cpp">
      <Filter>ソース ファイル</Filter>
    </ClCompile>
  </ItemGroup>
  <ItemGroup>
    <FxCompile Include="data\shaders\shader.fx">
      <Filter>リソース ファイル</Filter>
    </FxCompile>
    <FxCompile Include="data\shaders\phong.fx">
      <Filter>リソース ファイル</Filter>
    </FxCompile>
    <FxCompile Include="basic.fx">
      <Filter>リソース ファイル</Filter>
    </FxCompile>
  </ItemGroup>
</Project>